
Microsoft Visual Studio Solution File, Format Version 12.00
# Visual Studio Version 17
VisualStudioVersion = 17.9.34723.18
MinimumVisualStudioVersion = 10.0.40219.1
Project("{9A19103F-16F7-4668-BE54-9A1E7A4F7556}") = "SeleniumLearning", "SeleniumLearning.csproj", "{4CD5CE9D-9B7E-45D0-8C03-80DBAFD477CC}"
EndProject
Project("{FAE04EC0-301F-11D3-BF4B-00C04F79EFBC}") = "CSharpSelfFramework", "..\CSharpSelfFramework\CSharpSelfFramework.csproj", "{31CCC7BA-D2D3-47BB-845E-BA2E7444EF6C}"
EndProject
Global
	GlobalSection(SolutionConfigurationPlatforms) = preSolution
		Debug|Any CPU = Debug|Any CPU
		Release|Any CPU = Release|Any CPU
	EndGlobalSection
	GlobalSection(ProjectConfigurationPlatforms) = postSolution
		{4CD5CE9D-9B7E-45D0-8C03-80DBAFD477CC}.Debug|Any CPU.ActiveCfg = Debug|Any CPU
		{4CD5CE9D-9B7E-45D0-8C03-80DBAFD477CC}.Debug|Any CPU.Build.0 = Debug|Any CPU
		{4CD5CE9D-9B7E-45D0-8C03-80DBAFD477CC}.Release|Any CPU.ActiveCfg = Release|Any CPU
		{4CD5CE9D-9B7E-45D0-8C03-80DBAFD477CC}.Release|Any CPU.Build.0 = Release|Any CPU
		{31CCC7BA-D2D3-47BB-845E-BA2E7444EF6C}.Debug|Any CPU.ActiveCfg = Debug|Any CPU
		{31CCC7BA-D2D3-47BB-845E-BA2E7444EF6C}.Debug|Any CPU.Build.0 = Debug|Any CPU
		{31CCC7BA-D2D3-47BB-845E-BA2E7444EF6C}.Release|Any CPU.ActiveCfg = Release|Any CPU
		{31CCC7BA-D2D3-47BB-845E-BA2E7444EF6C}.Release|Any CPU.Build.0 = Release|Any CPU
	EndGlobalSection
	GlobalSection(SolutionProperties) = preSolution
		HideSolutionNode = FALSE
	EndGlobalSection
	GlobalSection(ExtensibilityGlobals) = postSolution
		SolutionGuid = {01E3E7C9-2AB0-45E6-BF6E-BA22551532A2}
	EndGlobalSection
EndGlobal
